
Microsoft Visual Studio Solution File, Format Version 12.00
# Visual Studio Version 16
VisualStudioVersion = 25.0.1704.0
MinimumVisualStudioVersion = 10.0.40219.1
Project("{FAE04EC0-301F-11D3-BF4B-00C04F79EFBC}") = "Weather.API", "Weather.API.csproj", "{DF378D3B-1D70-4CBF-B1FF-D54F67348CBC}"
EndProject
Global
	GlobalSection(SolutionConfigurationPlatforms) = preSolution
		Debug|Any CPU = Debug|Any CPU
		Release|Any CPU = Release|Any CPU
	EndGlobalSection
	GlobalSection(ProjectConfigurationPlatforms) = postSolution
		{DF378D3B-1D70-4CBF-B1FF-D54F67348CBC}.Debug|Any CPU.ActiveCfg = Debug|Any CPU
		{DF378D3B-1D70-4CBF-B1FF-D54F67348CBC}.Debug|Any CPU.Build.0 = Debug|Any CPU
		{DF378D3B-1D70-4CBF-B1FF-D54F67348CBC}.Release|Any CPU.ActiveCfg = Release|Any CPU
		{DF378D3B-1D70-4CBF-B1FF-D54F67348CBC}.Release|Any CPU.Build.0 = Release|Any CPU
	EndGlobalSection
	GlobalSection(SolutionProperties) = preSolution
		HideSolutionNode = FALSE
	EndGlobalSection
	GlobalSection(ExtensibilityGlobals) = postSolution
		SolutionGuid = {613E420D-4E9C-44BB-A69F-7E9B719BCDF3}
	EndGlobalSection
EndGlobal
